
Microsoft Visual Studio Solution File, Format Version 12.00
# Visual Studio Version 17
VisualStudioVersion = 17.6.33723.286
MinimumVisualStudioVersion = 10.0.40219.1
Project("{9A19103F-16F7-4668-BE54-9A1E7A4F7556}") = "IMS.WebApp", "IMS.WebApp\IMS.WebApp.csproj", "{C1D014BE-70D5-4DFF-8DE6-2FD93D54F3BE}"
EndProject
Project("{9A19103F-16F7-4668-BE54-9A1E7A4F7556}") = "IMS.UseCases", "IMS.UseCases\IMS.UseCases.csproj", "{02E22070-187E-49F7-A426-841582C4BB58}"
EndProject
Project("{9A19103F-16F7-4668-BE54-9A1E7A4F7556}") = "IMS.CoreBusiness", "IMS.CoreBusiness\IMS.CoreBusiness.csproj", "{7D0E7BBA-AB72-47EA-8E44-1F6C2A15FF44}"
EndProject
Project("{2150E333-8FDC-42A3-9474-1A3956D46DE8}") = "IMS.Plugins", "IMS.Plugins", "{E1E79AD8-D0EE-4633-AB93-8AFF04D75576}"
EndProject
Project("{9A19103F-16F7-4668-BE54-9A1E7A4F7556}") = "IMS.Plugins.InMemory", "IMS.Plugins\IMS.Plugins.InMemory\IMS.Plugins.InMemory.csproj", "{BFDC2E21-85C2-43F5-A6ED-8791C1E4E7F6}"
EndProject
Project("{FAE04EC0-301F-11D3-BF4B-00C04F79EFBC}") = "IMS.WebAPI", "IMS.WebAPI\IMS.WebAPI.csproj", "{B57FF3BD-F656-4C86-8E13-6892F1FC0885}"
EndProject
Project("{FAE04EC0-301F-11D3-BF4B-00C04F79EFBC}") = "IMS.Mobile", "IMS.Mobile\IMS.Mobile.csproj", "{01EB9BEA-4F0F-42DF-B991-43870BE64F57}"
EndProject
Global
	GlobalSection(SolutionConfigurationPlatforms) = preSolution
		Debug|Any CPU = Debug|Any CPU
		Release|Any CPU = Release|Any CPU
	EndGlobalSection
	GlobalSection(ProjectConfigurationPlatforms) = postSolution
		{C1D014BE-70D5-4DFF-8DE6-2FD93D54F3BE}.Debug|Any CPU.ActiveCfg = Debug|Any CPU
		{C1D014BE-70D5-4DFF-8DE6-2FD93D54F3BE}.Debug|Any CPU.Build.0 = Debug|Any CPU
		{C1D014BE-70D5-4DFF-8DE6-2FD93D54F3BE}.Release|Any CPU.ActiveCfg = Release|Any CPU
		{C1D014BE-70D5-4DFF-8DE6-2FD93D54F3BE}.Release|Any CPU.Build.0 = Release|Any CPU
		{02E22070-187E-49F7-A426-841582C4BB58}.Debug|Any CPU.ActiveCfg = Debug|Any CPU
		{02E22070-187E-49F7-A426-841582C4BB58}.Debug|Any CPU.Build.0 = Debug|Any CPU
		{02E22070-187E-49F7-A426-841582C4BB58}.Release|Any CPU.ActiveCfg = Release|Any CPU
		{02E22070-187E-49F7-A426-841582C4BB58}.Release|Any CPU.Build.0 = Release|Any CPU
		{7D0E7BBA-AB72-47EA-8E44-1F6C2A15FF44}.Debug|Any CPU.ActiveCfg = Debug|Any CPU
		{7D0E7BBA-AB72-47EA-8E44-1F6C2A15FF44}.Debug|Any CPU.Build.0 = Debug|Any CPU
		{7D0E7BBA-AB72-47EA-8E44-1F6C2A15FF44}.Release|Any CPU.ActiveCfg = Release|Any CPU
		{7D0E7BBA-AB72-47EA-8E44-1F6C2A15FF44}.Release|Any CPU.Build.0 = Release|Any CPU
		{BFDC2E21-85C2-43F5-A6ED-8791C1E4E7F6}.Debug|Any CPU.ActiveCfg = Debug|Any CPU
		{BFDC2E21-85C2-43F5-A6ED-8791C1E4E7F6}.Debug|Any CPU.Build.0 = Debug|Any CPU
		{BFDC2E21-85C2-43F5-A6ED-8791C1E4E7F6}.Release|Any CPU.ActiveCfg = Release|Any CPU
		{BFDC2E21-85C2-43F5-A6ED-8791C1E4E7F6}.Release|Any CPU.Build.0 = Release|Any CPU
		{B57FF3BD-F656-4C86-8E13-6892F1FC0885}.Debug|Any CPU.ActiveCfg = Debug|Any CPU
		{B57FF3BD-F656-4C86-8E13-6892F1FC0885}.Debug|Any CPU.Build.0 = Debug|Any CPU
		{B57FF3BD-F656-4C86-8E13-6892F1FC0885}.Release|Any CPU.ActiveCfg = Release|Any CPU
		{B57FF3BD-F656-4C86-8E13-6892F1FC0885}.Release|Any CPU.Build.0 = Release|Any CPU
		{01EB9BEA-4F0F-42DF-B991-43870BE64F57}.Debug|Any CPU.ActiveCfg = Debug|Any CPU
		{01EB9BEA-4F0F-42DF-B991-43870BE64F57}.Debug|Any CPU.Build.0 = Debug|Any CPU
		{01EB9BEA-4F0F-42DF-B991-43870BE64F57}.Release|Any CPU.ActiveCfg = Release|Any CPU
		{01EB9BEA-4F0F-42DF-B991-43870BE64F57}.Release|Any CPU.Build.0 = Release|Any CPU
	EndGlobalSection
	GlobalSection(SolutionProperties) = preSolution
		HideSolutionNode = FALSE
	EndGlobalSection
	GlobalSection(NestedProjects) = preSolution
		{BFDC2E21-85C2-43F5-A6ED-8791C1E4E7F6} = {E1E79AD8-D0EE-4633-AB93-8AFF04D75576}
	EndGlobalSection
	GlobalSection(ExtensibilityGlobals) = postSolution
		SolutionGuid = {BB060B4F-93C2-4EF8-8EE5-6352B58D86AF}
	EndGlobalSection
EndGlobal
